
Microsoft Visual Studio Solution File, Format Version 12.00
# Visual Studio Version 16
VisualStudioVersion = 16.0.31729.503
MinimumVisualStudioVersion = 10.0.40219.1
Project("{FAE04EC0-301F-11D3-BF4B-00C04F79EFBC}") = "MNPContact", "MNPContact.csproj", "{E75C2ACA-A3EB-467E-AA53-269D72757B7B}"
EndProject
Project("{FAE04EC0-301F-11D3-BF4B-00C04F79EFBC}") = "MNPContactAPI", "MNPContactAPI\MNPContactAPI.csproj", "{C9BE39DF-D8F7-4F44-AB1D-95194795E14B}"
EndProject
Global
	GlobalSection(SolutionConfigurationPlatforms) = preSolution
		Debug|Any CPU = Debug|Any CPU
		Release|Any CPU = Release|Any CPU
	EndGlobalSection
	GlobalSection(ProjectConfigurationPlatforms) = postSolution
		{E75C2ACA-A3EB-467E-AA53-269D72757B7B}.Debug|Any CPU.ActiveCfg = Debug|Any CPU
		{E75C2ACA-A3EB-467E-AA53-269D72757B7B}.Debug|Any CPU.Build.0 = Debug|Any CPU
		{E75C2ACA-A3EB-467E-AA53-269D72757B7B}.Release|Any CPU.ActiveCfg = Release|Any CPU
		{E75C2ACA-A3EB-467E-AA53-269D72757B7B}.Release|Any CPU.Build.0 = Release|Any CPU
		{C9BE39DF-D8F7-4F44-AB1D-95194795E14B}.Debug|Any CPU.ActiveCfg = Debug|Any CPU
		{C9BE39DF-D8F7-4F44-AB1D-95194795E14B}.Debug|Any CPU.Build.0 = Debug|Any CPU
		{C9BE39DF-D8F7-4F44-AB1D-95194795E14B}.Release|Any CPU.ActiveCfg = Release|Any CPU
		{C9BE39DF-D8F7-4F44-AB1D-95194795E14B}.Release|Any CPU.Build.0 = Release|Any CPU
	EndGlobalSection
	GlobalSection(SolutionProperties) = preSolution
		HideSolutionNode = FALSE
	EndGlobalSection
	GlobalSection(ExtensibilityGlobals) = postSolution
		SolutionGuid = {CB81E050-9E61-41C4-AD5F-63808B44114A}
	EndGlobalSection
EndGlobal
